
Microsoft Visual Studio Solution File, Format Version 12.00
# Visual Studio Version 17
VisualStudioVersion = 17.5.33627.172
MinimumVisualStudioVersion = 10.0.40219.1
Project("{9A19103F-16F7-4668-BE54-9A1E7A4F7556}") = "Lab1", "Lab1\Lab1.csproj", "{9D948FDF-B85A-4A30-84A6-365DA4CD16EB}"
EndProject
Project("{9A19103F-16F7-4668-BE54-9A1E7A4F7556}") = "Lab3", "Lab3\Lab3.csproj", "{37639D57-2121-4C6F-B8A0-18A0B1311B0B}"
EndProject
Project("{9A19103F-16F7-4668-BE54-9A1E7A4F7556}") = "Lab2", "Lab2\Lab2.csproj", "{DD49E30E-57EE-4816-9A36-26751AF640D2}"
EndProject
Project("{9A19103F-16F7-4668-BE54-9A1E7A4F7556}") = "Lab4", "Lab4\Lab4.csproj", "{84A9944A-7271-4D0B-A029-92E645BDAFEE}"
EndProject
Project("{9A19103F-16F7-4668-BE54-9A1E7A4F7556}") = "Lab5", "Lab5\Lab5.csproj", "{A10CE944-1206-4038-B576-2000569E40E7}"
EndProject
Project("{9A19103F-16F7-4668-BE54-9A1E7A4F7556}") = "Lab6", "Lab6\Lab6.csproj", "{5FB04C6D-6917-4265-9953-EFC0E4BA7085}"
EndProject
Global
	GlobalSection(SolutionConfigurationPlatforms) = preSolution
		Debug|Any CPU = Debug|Any CPU
		Release|Any CPU = Release|Any CPU
	EndGlobalSection
	GlobalSection(ProjectConfigurationPlatforms) = postSolution
		{9D948FDF-B85A-4A30-84A6-365DA4CD16EB}.Debug|Any CPU.ActiveCfg = Debug|Any CPU
		{9D948FDF-B85A-4A30-84A6-365DA4CD16EB}.Debug|Any CPU.Build.0 = Debug|Any CPU
		{9D948FDF-B85A-4A30-84A6-365DA4CD16EB}.Release|Any CPU.ActiveCfg = Release|Any CPU
		{9D948FDF-B85A-4A30-84A6-365DA4CD16EB}.Release|Any CPU.Build.0 = Release|Any CPU
		{37639D57-2121-4C6F-B8A0-18A0B1311B0B}.Debug|Any CPU.ActiveCfg = Debug|Any CPU
		{37639D57-2121-4C6F-B8A0-18A0B1311B0B}.Debug|Any CPU.Build.0 = Debug|Any CPU
		{37639D57-2121-4C6F-B8A0-18A0B1311B0B}.Release|Any CPU.ActiveCfg = Release|Any CPU
		{37639D57-2121-4C6F-B8A0-18A0B1311B0B}.Release|Any CPU.Build.0 = Release|Any CPU
		{DD49E30E-57EE-4816-9A36-26751AF640D2}.Debug|Any CPU.ActiveCfg = Debug|Any CPU
		{DD49E30E-57EE-4816-9A36-26751AF640D2}.Debug|Any CPU.Build.0 = Debug|Any CPU
		{DD49E30E-57EE-4816-9A36-26751AF640D2}.Release|Any CPU.ActiveCfg = Release|Any CPU
		{DD49E30E-57EE-4816-9A36-26751AF640D2}.Release|Any CPU.Build.0 = Release|Any CPU
		{84A9944A-7271-4D0B-A029-92E645BDAFEE}.Debug|Any CPU.ActiveCfg = Debug|Any CPU
		{84A9944A-7271-4D0B-A029-92E645BDAFEE}.Debug|Any CPU.Build.0 = Debug|Any CPU
		{84A9944A-7271-4D0B-A029-92E645BDAFEE}.Release|Any CPU.ActiveCfg = Release|Any CPU
		{84A9944A-7271-4D0B-A029-92E645BDAFEE}.Release|Any CPU.Build.0 = Release|Any CPU
		{A10CE944-1206-4038-B576-2000569E40E7}.Debug|Any CPU.ActiveCfg = Debug|Any CPU
		{A10CE944-1206-4038-B576-2000569E40E7}.Debug|Any CPU.Build.0 = Debug|Any CPU
		{A10CE944-1206-4038-B576-2000569E40E7}.Release|Any CPU.ActiveCfg = Release|Any CPU
		{A10CE944-1206-4038-B576-2000569E40E7}.Release|Any CPU.Build.0 = Release|Any CPU
		{5FB04C6D-6917-4265-9953-EFC0E4BA7085}.Debug|Any CPU.ActiveCfg = Debug|Any CPU
		{5FB04C6D-6917-4265-9953-EFC0E4BA7085}.Debug|Any CPU.Build.0 = Debug|Any CPU
		{5FB04C6D-6917-4265-9953-EFC0E4BA7085}.Release|Any CPU.ActiveCfg = Release|Any CPU
		{5FB04C6D-6917-4265-9953-EFC0E4BA7085}.Release|Any CPU.Build.0 = Release|Any CPU
	EndGlobalSection
	GlobalSection(SolutionProperties) = preSolution
		HideSolutionNode = FALSE
	EndGlobalSection
	GlobalSection(ExtensibilityGlobals) = postSolution
		SolutionGuid = {D871C375-3725-400A-89D0-E7114B055080}
	EndGlobalSection
EndGlobal
